
Microsoft Visual Studio Solution File, Format Version 12.00
# Visual Studio Version 16
VisualStudioVersion = 16.0.29609.76
MinimumVisualStudioVersion = 10.0.40219.1
Project("{9A19103F-16F7-4668-BE54-9A1E7A4F7556}") = "DemoA", "DemoA\DemoA.csproj", "{CADC17BC-CA88-428F-8260-9F3DA9CBD1B6}"
EndProject
Project("{9A19103F-16F7-4668-BE54-9A1E7A4F7556}") = "WebClient", "WebClient\WebClient.csproj", "{74D13587-5DDF-4962-8656-771024703A7B}"
EndProject
Project("{FAE04EC0-301F-11D3-BF4B-00C04F79EFBC}") = "Common", "Common\Common.csproj", "{B31C00F7-0770-4910-B40C-C85751113F5A}"
EndProject
Global
	GlobalSection(SolutionConfigurationPlatforms) = preSolution
		Debug|Any CPU = Debug|Any CPU
		Release|Any CPU = Release|Any CPU
	EndGlobalSection
	GlobalSection(ProjectConfigurationPlatforms) = postSolution
		{CADC17BC-CA88-428F-8260-9F3DA9CBD1B6}.Debug|Any CPU.ActiveCfg = Debug|Any CPU
		{CADC17BC-CA88-428F-8260-9F3DA9CBD1B6}.Debug|Any CPU.Build.0 = Debug|Any CPU
		{CADC17BC-CA88-428F-8260-9F3DA9CBD1B6}.Release|Any CPU.ActiveCfg = Release|Any CPU
		{CADC17BC-CA88-428F-8260-9F3DA9CBD1B6}.Release|Any CPU.Build.0 = Release|Any CPU
		{74D13587-5DDF-4962-8656-771024703A7B}.Debug|Any CPU.ActiveCfg = Debug|Any CPU
		{74D13587-5DDF-4962-8656-771024703A7B}.Debug|Any CPU.Build.0 = Debug|Any CPU
		{74D13587-5DDF-4962-8656-771024703A7B}.Release|Any CPU.ActiveCfg = Release|Any CPU
		{74D13587-5DDF-4962-8656-771024703A7B}.Release|Any CPU.Build.0 = Release|Any CPU
		{B31C00F7-0770-4910-B40C-C85751113F5A}.Debug|Any CPU.ActiveCfg = Debug|Any CPU
		{B31C00F7-0770-4910-B40C-C85751113F5A}.Debug|Any CPU.Build.0 = Debug|Any CPU
		{B31C00F7-0770-4910-B40C-C85751113F5A}.Release|Any CPU.ActiveCfg = Release|Any CPU
		{B31C00F7-0770-4910-B40C-C85751113F5A}.Release|Any CPU.Build.0 = Release|Any CPU
	EndGlobalSection
	GlobalSection(SolutionProperties) = preSolution
		HideSolutionNode = FALSE
	EndGlobalSection
	GlobalSection(ExtensibilityGlobals) = postSolution
		SolutionGuid = {70798DC8-5100-4800-BAAD-423F5C177EE5}
	EndGlobalSection
EndGlobal
